
Microsoft Visual Studio Solution File, Format Version 12.00
# Visual Studio Version 17
VisualStudioVersion = 17.14.37531.7
MinimumVisualStudioVersion = 10.0.40219.1
Project("{FAE04EC0-301F-11D3-BF4B-00C04F79EFBC}") = "BoxingUnboxingAndNullability", "BoxingUnboxingAndNullability\BoxingUnboxingAndNullability.csproj", "{0DB5241C-1BDD-47A4-9774-5B9398DE2A49}"
EndProject
Project("{FAE04EC0-301F-11D3-BF4B-00C04F79EFBC}") = "OOP.PI", "OOP.PI\OOP.PI.csproj", "{C74C7BCF-4991-488D-9460-B1BBCE019070}"
EndProject
Project("{FAE04EC0-301F-11D3-BF4B-00C04F79EFBC}") = "OOP.PII", "OOP.PII\OOP.PII.csproj", "{ECC0E8E1-57A5-412A-AE77-89533E7896DC}"
EndProject
Global
	GlobalSection(SolutionConfigurationPlatforms) = preSolution
		Debug|Any CPU = Debug|Any CPU
		Release|Any CPU = Release|Any CPU
	EndGlobalSection
	GlobalSection(ProjectConfigurationPlatforms) = postSolution
		{0DB5241C-1BDD-47A4-9774-5B9398DE2A49}.Debug|Any CPU.ActiveCfg = Debug|Any CPU
		{0DB5241C-1BDD-47A4-9774-5B9398DE2A49}.Debug|Any CPU.Build.0 = Debug|Any CPU
		{0DB5241C-1BDD-47A4-9774-5B9398DE2A49}.Release|Any CPU.ActiveCfg = Release|Any CPU
		{0DB5241C-1BDD-47A4-9774-5B9398DE2A49}.Release|Any CPU.Build.0 = Release|Any CPU
		{C74C7BCF-4991-488D-9460-B1BBCE019070}.Debug|Any CPU.ActiveCfg = Debug|Any CPU
		{C74C7BCF-4991-488D-9460-B1BBCE019070}.Debug|Any CPU.Build.0 = Debug|Any CPU
		{C74C7BCF-4991-488D-9460-B1BBCE019070}.Release|Any CPU.ActiveCfg = Release|Any CPU
		{C74C7BCF-4991-488D-9460-B1BBCE019070}.Release|Any CPU.Build.0 = Release|Any CPU
		{ECC0E8E1-57A5-412A-AE77-89533E7896DC}.Debug|Any CPU.ActiveCfg = Debug|Any CPU
		{ECC0E8E1-57A5-412A-AE77-89533E7896DC}.Debug|Any CPU.Build.0 = Debug|Any CPU
		{ECC0E8E1-57A5-412A-AE77-89533E7896DC}.Release|Any CPU.ActiveCfg = Release|Any CPU
		{ECC0E8E1-57A5-412A-AE77-89533E7896DC}.Release|Any CPU.Build.0 = Release|Any CPU
	EndGlobalSection
	GlobalSection(SolutionProperties) = preSolution
		HideSolutionNode = FALSE
	EndGlobalSection
	GlobalSection(ExtensibilityGlobals) = postSolution
		SolutionGuid = {E82E3453-8D17-410F-BBF2-97BC7FB0759A}
	EndGlobalSection
EndGlobal
